<Solution>
  <Folder Name="/APIGateWay/">
    <Project Path="APIGateWay/YarpAPIGateWay/YarpAPIGateWay.csproj" Id="fdf75bcc-7315-4353-ac8e-500d1dcee488" />
  </Folder>
  <Folder Name="/Services/" />
  <Folder Name="/Services/BookingService/">
    <Project Path="Services/BookingMicroservice/BookingMicroservervice/BookingMicroservervice.csproj" Id="3fed5adc-102d-4f1a-bf94-2fb351bc19d0" />
  </Folder>
  <Folder Name="/Services/FlightService/">
    <Project Path="Services/FlightMicroService/FlightMicroservice/FlightMicroservice.csproj" Id="6d9e6d3f-e7ed-4181-926a-b7a5c1ab25b2" />
  </Folder>
  <Folder Name="/Services/NotificationService/" />
  <Folder Name="/Services/PassengerService/">
    <Project Path="Services/PasengerMicroservice/PassengerMicroservice/PassengerMicroservice.csproj" Id="7c2cfb23-8166-4ce4-ac66-6c61cf02f31e" />
  </Folder>
  <Folder Name="/Services/PaymentService/">
    <Project Path="Services/PaymentMicroservice/PaymentMicroservice.csproj" Id="9d4e66f7-2261-4588-9ddc-3002703561ed" />
  </Folder>
  <Folder Name="/Solution Items/">
    <File Path="docker-compose.yml" />
  </Folder>
</Solution>
